// !$*UTF8*$!
{
	archiveVersion = 1;
	classes = {
	};
	objectVersion = 46;
	objects = {

/* Begin PBXBuildFile section */
		0A7324201A0B4C0000F10476 /* Foundation.framework in Frameworks */ = {isa = PBXBuildFile; fileRef = 0A73241F1A0B4C0000F10476 /* Foundation.framework */; };
		0A7324221A0B4C0000F10476 /* CoreGraphics.framework in Frameworks */ = {isa = PBXBuildFile; fileRef = 0A7324211A0B4C0000F10476 /* CoreGraphics.framework */; };
		0A7324241A0B4C0000F10476 /* UIKit.framework in Frameworks */ = {isa = PBXBuildFile; fileRef = 0A7324231A0B4C0000F10476 /* UIKit.framework */; };
		0A73242A1A0B4C0000F10476 /* InfoPlist.strings in Resources */ = {isa = PBXBuildFile; fileRef = 0A7324281A0B4C0000F10476 /* InfoPlist.strings */; };
		0A73242C1A0B4C0000F10476 /* main.m in Sources */ = {isa = PBXBuildFile; fileRef = 0A73242B1A0B4C0000F10476 /* main.m */; };
		0A7324301A0B4C0000F10476 /* AppDelegate.m in Sources */ = {isa = PBXBuildFile; fileRef = 0A73242F1A0B4C0000F10476 /* AppDelegate.m */; };
		0A7324331A0B4C0000F10476 /* Main.storyboard in Resources */ = {isa = PBXBuildFile; fileRef = 0A7324311A0B4C0000F10476 /* Main.storyboard */; };
		0A7324361A0B4C0000F10476 /* ViewController.m in Sources */ = {isa = PBXBuildFile; fileRef = 0A7324351A0B4C0000F10476 /* ViewController.m */; };
		0A7324381A0B4C0100F10476 /* Images.xcassets in Resources */ = {isa = PBXBuildFile; fileRef = 0A7324371A0B4C0000F10476 /* Images.xcassets */; };
		0A73243F1A0B4C0100F10476 /* XCTest.framework in Frameworks */ = {isa = PBXBuildFile; fileRef = 0A73243E1A0B4C0100F10476 /* XCTest.framework */; };
		0A7324401A0B4C0100F10476 /* Foundation.framework in Frameworks */ = {isa = PBXBuildFile; fileRef = 0A73241F1A0B4C0000F10476 /* Foundation.framework */; };
		0A7324411A0B4C0100F10476 /* UIKit.framework in Frameworks */ = {isa = PBXBuildFile; fileRef = 0A7324231A0B4C0000F10476 /* UIKit.framework */; };
		0A7324491A0B4C0100F10476 /* InfoPlist.strings in Resources */ = {isa = PBXBuildFile; fileRef = 0A7324471A0B4C0100F10476 /* InfoPlist.strings */; };
		0A73244B1A0B4C0100F10476 /* SocialIntegarationTests.m in Sources */ = {isa = PBXBuildFile; fileRef = 0A73244A1A0B4C0100F10476 /* SocialIntegarationTests.m */; };
/* End PBXBuildFile section */

/* Begin PBXContainerItemProxy section */
		0A7324421A0B4C0100F10476 /* PBXContainerItemProxy */ = {
			isa = PBXContainerItemProxy;
			containerPortal = 0A7324141A0B4C0000F10476 /* Project object */;
			proxyType = 1;
			remoteGlobalIDString = 0A73241B1A0B4C0000F10476;
			remoteInfo = SocialIntegaration;
		};
/* End PBXContainerItemProxy section */

/* Begin PBXFileReference section */
		0A73241C1A0B4C0000F10476 /* SocialIntegaration.app */ = {isa = PBXFileReference; explicitFileType = wrapper.application; includeInIndex = 0; path = SocialIntegaration.app; sourceTree = BUILT_PRODUCTS_DIR; };
		0A73241F1A0B4C0000F10476 /* Foundation.framework */ = {isa = PBXFileReference; lastKnownFileType = wrapper.framework; name = Foundation.framework; path = System/Library/Frameworks/Foundation.framework; sourceTree = SDKROOT; };
		0A7324211A0B4C0000F10476 /* CoreGraphics.framework */ = {isa = PBXFileReference; lastKnownFileType = wrapper.framework; name = CoreGraphics.framework; path = System/Library/Frameworks/CoreGraphics.framework; sourceTree = SDKROOT; };
		0A7324231A0B4C0000F10476 /* UIKit.framework */ = {isa = PBXFileReference; lastKnownFileType = wrapper.framework; name = UIKit.framework; path = System/Library/Frameworks/UIKit.framework; sourceTree = SDKROOT; };
		0A7324271A0B4C0000F10476 /* SocialIntegaration-Info.plist */ = {isa = PBXFileReference; lastKnownFileType = text.plist.xml; path = "SocialIntegaration-Info.plist"; sourceTree = "<group>"; };
		0A7324291A0B4C0000F10476 /* en */ = {isa = PBXFileReference; lastKnownFileType = text.plist.strings; name = en; path = en.lproj/InfoPlist.strings; sourceTree = "<group>"; };
		0A73242B1A0B4C0000F10476 /* main.m */ = {isa = PBXFileReference; lastKnownFileType = sourcecode.c.objc; path = main.m; sourceTree = "<group>"; };
		0A73242D1A0B4C0000F10476 /* SocialIntegaration-Prefix.pch */ = {isa = PBXFileReference; lastKnownFileType = sourcecode.c.h; path = "SocialIntegaration-Prefix.pch"; sourceTree = "<group>"; };
		0A73242E1A0B4C0000F10476 /* AppDelegate.h */ = {isa = PBXFileReference; lastKnownFileType = sourcecode.c.h; path = AppDelegate.h; sourceTree = "<group>"; };
		0A73242F1A0B4C0000F10476 /* AppDelegate.m */ = {isa = PBXFileReference; lastKnownFileType = sourcecode.c.objc; path = AppDelegate.m; sourceTree = "<group>"; };
		0A7324321A0B4C0000F10476 /* Base */ = {isa = PBXFileReference; lastKnownFileType = file.storyboard; name = Base; path = Base.lproj/Main.storyboard; sourceTree = "<group>"; };
		0A7324341A0B4C0000F10476 /* ViewController.h */ = {isa = PBXFileReference; lastKnownFileType = sourcecode.c.h; path = ViewController.h; sourceTree = "<group>"; };
		0A7324351A0B4C0000F10476 /* ViewController.m */ = {isa = PBXFileReference; lastKnownFileType = sourcecode.c.objc; path = ViewController.m; sourceTree = "<group>"; };
		0A7324371A0B4C0000F10476 /* Images.xcassets */ = {isa = PBXFileReference; lastKnownFileType = folder.assetcatalog; path = Images.xcassets; sourceTree = "<group>"; };
		0A73243D1A0B4C0100F10476 /* SocialIntegarationTests.xctest */ = {isa = PBXFileReference; explicitFileType = wrapper.cfbundle; includeInIndex = 0; path = SocialIntegarationTests.xctest; sourceTree = BUILT_PRODUCTS_DIR; };
		0A73243E1A0B4C0100F10476 /* XCTest.framework */ = {isa = PBXFileReference; lastKnownFileType = wrapper.framework; name = XCTest.framework; path = Library/Frameworks/XCTest.framework; sourceTree = DEVELOPER_DIR; };
		0A7324461A0B4C0100F10476 /* SocialIntegarationTests-Info.plist */ = {isa = PBXFileReference; lastKnownFileType = text.plist.xml; path = "SocialIntegarationTests-Info.plist"; sourceTree = "<group>"; };
		0A7324481A0B4C0100F10476 /* en */ = {isa = PBXFileReference; lastKnownFileType = text.plist.strings; name = en; path = en.lproj/InfoPlist.strings; sourceTree = "<group>"; };
		0A73244A1A0B4C0100F10476 /* SocialIntegarationTests.m */ = {isa = PBXFileReference; lastKnownFileType = sourcecode.c.objc; path = SocialIntegarationTests.m; sourceTree = "<group>"; };
/* End PBXFileReference section */

/* Begin PBXFrameworksBuildPhase section */
		0A7324191A0B4C0000F10476 /* Frameworks */ = {
			isa = PBXFrameworksBuildPhase;
			buildActionMask = 2147483647;
			files = (
				0A7324221A0B4C0000F10476 /* CoreGraphics.framework in Frameworks */,
				0A7324241A0B4C0000F10476 /* UIKit.framework in Frameworks */,
				0A7324201A0B4C0000F10476 /* Foundation.framework in Frameworks */,
			);
			runOnlyForDeploymentPostprocessing = 0;
		};
		0A73243A1A0B4C0100F10476 /* Frameworks */ = {
			isa = PBXFrameworksBuildPhase;
			buildActionMask = 2147483647;
			files = (
				0A73243F1A0B4C0100F10476 /* XCTest.framework in Frameworks */,
				0A7324411A0B4C0100F10476 /* UIKit.framework in Frameworks */,
				0A7324401A0B4C0100F10476 /* Foundation.framework in Frameworks */,
			);
			runOnlyForDeploymentPostprocessing = 0;
		};
/* End PBXFrameworksBuildPhase section */

/* Begin PBXGroup section */
		0A7324131A0B4C0000F10476 = {
			isa = PBXGroup;
			children = (
				0A7324251A0B4C0000F10476 /* SocialIntegaration */,
				0A7324441A0B4C0100F10476 /* SocialIntegarationTests */,
				0A73241E1A0B4C0000F10476 /* Frameworks */,
				0A73241D1A0B4C0000F10476 /* Products */,
			);
			sourceTree = "<group>";
		};
		0A73241D1A0B4C0000F10476 /* Products */ = {
			isa = PBXGroup;
			children = (
				0A73241C1A0B4C0000F10476 /* SocialIntegaration.app */,
				0A73243D1A0B4C0100F10476 /* SocialIntegarationTests.xctest */,
			);
			name = Products;
			sourceTree = "<group>";
		};
		0A73241E1A0B4C0000F10476 /* Frameworks */ = {
			isa = PBXGroup;
			children = (
				0A73241F1A0B4C0000F10476 /* Foundation.framework */,
				0A7324211A0B4C0000F10476 /* CoreGraphics.framework */,
				0A7324231A0B4C0000F10476 /* UIKit.framework */,
				0A73243E1A0B4C0100F10476 /* XCTest.framework */,
			);
			name = Frameworks;
			sourceTree = "<group>";
		};
		0A7324251A0B4C0000F10476 /* SocialIntegaration */ = {
			isa = PBXGroup;
			children = (
				0A73242E1A0B4C0000F10476 /* AppDelegate.h */,
				0A73242F1A0B4C0000F10476 /* AppDelegate.m */,
				0A7324311A0B4C0000F10476 /* Main.storyboard */,
				0A7324341A0B4C0000F10476 /* ViewController.h */,
				0A7324351A0B4C0000F10476 /* ViewController.m */,
				0A7324371A0B4C0000F10476 /* Images.xcassets */,
				0A7324261A0B4C0000F10476 /* Supporting Files */,
			);
			path = SocialIntegaration;
			sourceTree = "<group>";
		};
		0A7324261A0B4C0000F10476 /* Supporting Files */ = {
			isa = PBXGroup;
			children = (
				0A7324271A0B4C0000F10476 /* SocialIntegaration-Info.plist */,
				0A7324281A0B4C0000F10476 /* InfoPlist.strings */,
				0A73242B1A0B4C0000F10476 /* main.m */,
				0A73242D1A0B4C0000F10476 /* SocialIntegaration-Prefix.pch */,
			);
			name = "Supporting Files";
			sourceTree = "<group>";
		};
		0A7324441A0B4C0100F10476 /* SocialIntegarationTests */ = {
			isa = PBXGroup;
			children = (
				0A73244A1A0B4C0100F10476 /* SocialIntegarationTests.m */,
				0A7324451A0B4C0100F10476 /* Supporting Files */,
			);
			path = SocialIntegarationTests;
			sourceTree = "<group>";
		};
		0A7324451A0B4C0100F10476 /* Supporting Files */ = {
			isa = PBXGroup;
			children = (
				0A7324461A0B4C0100F10476 /* SocialIntegarationTests-Info.plist */,
				0A7324471A0B4C0100F10476 /* InfoPlist.strings */,
			);
			name = "Supporting Files";
			sourceTree = "<group>";
		};
/* End PBXGroup section */

/* Begin PBXNativeTarget section */
		0A73241B1A0B4C0000F10476 /* SocialIntegaration */ = {
			isa = PBXNativeTarget;
			buildConfigurationList = 0A73244E1A0B4C0100F10476 /* Build configuration list for PBXNativeTarget "SocialIntegaration" */;
			buildPhases = (
				0A7324181A0B4C0000F10476 /* Sources */,
				0A7324191A0B4C0000F10476 /* Frameworks */,
				0A73241A1A0B4C0000F10476 /* Resources */,
			);
			buildRules = (
			);
			dependencies = (
			);
			name = SocialIntegaration;
			productName = SocialIntegaration;
			productReference = 0A73241C1A0B4C0000F10476 /* SocialIntegaration.app */;
			productType = "com.apple.product-type.application";
		};
		0A73243C1A0B4C0100F10476 /* SocialIntegarationTests */ = {
			isa = PBXNativeTarget;
			buildConfigurationList = 0A7324511A0B4C0100F10476 /* Build configuration list for PBXNativeTarget "SocialIntegarationTests" */;
			buildPhases = (
				0A7324391A0B4C0100F10476 /* Sources */,
				0A73243A1A0B4C0100F10476 /* Frameworks */,
				0A73243B1A0B4C0100F10476 /* Resources */,
			);
			buildRules = (
			);
			dependencies = (
				0A7324431A0B4C0100F10476 /* PBXTargetDependency */,
			);
			name = SocialIntegarationTests;
			productName = SocialIntegarationTests;
			productReference = 0A73243D1A0B4C0100F10476 /* SocialIntegarationTests.xctest */;
			productType = "com.apple.product-type.bundle.unit-test";
		};
/* End PBXNativeTarget section */

/* Begin PBXProject section */
		0A7324141A0B4C0000F10476 /* Project object */ = {
			isa = PBXProject;
			attributes = {
				LastUpgradeCheck = 0510;
				ORGANIZATIONNAME = GrepRuby;
				TargetAttributes = {
					0A73243C1A0B4C0100F10476 = {
						TestTargetID = 0A73241B1A0B4C0000F10476;
					};
				};
			};
			buildConfigurationList = 0A7324171A0B4C0000F10476 /* Build configuration list for PBXProject "SocialIntegaration" */;
			compatibilityVersion = "Xcode 3.2";
			developmentRegion = English;
			hasScannedForEncodings = 0;
			knownRegions = (
				en,
				Base,
			);
			mainGroup = 0A7324131A0B4C0000F10476;
			productRefGroup = 0A73241D1A0B4C0000F10476 /* Products */;
			projectDirPath = "";
			projectRoot = "";
			targets = (
				0A73241B1A0B4C0000F10476 /* SocialIntegaration */,
				0A73243C1A0B4C0100F10476 /* SocialIntegarationTests */,
			);
		};
/* End PBXProject section */

/* Begin PBXResourcesBuildPhase section */
		0A73241A1A0B4C0000F10476 /* Resources */ = {
			isa = PBXResourcesBuildPhase;
			buildActionMask = 2147483647;
			files = (
				0A7324381A0B4C0100F10476 /* Images.xcassets in Resources */,
				0A73242A1A0B4C0000F10476 /* InfoPlist.strings in Resources */,
				0A7324331A0B4C0000F10476 /* Main.storyboard in Resources */,
			);
			runOnlyForDeploymentPostprocessing = 0;
		};
		0A73243B1A0B4C0100F10476 /* Resources */ = {
			isa = PBXResourcesBuildPhase;
			buildActionMask = 2147483647;
			files = (
				0A7324491A0B4C0100F10476 /* InfoPlist.strings in Resources */,
			);
			runOnlyForDeploymentPostprocessing = 0;
		};
/* End PBXResourcesBuildPhase section */

/* Begin PBXSourcesBuildPhase section */
		0A7324181A0B4C0000F10476 /* Sources */ = {
			isa = PBXSourcesBuildPhase;
			buildActionMask = 2147483647;
			files = (
				0A7324361A0B4C0000F10476 /* ViewController.m in Sources */,
				0A7324301A0B4C0000F10476 /* AppDelegate.m in Sources */,
				0A73242C1A0B4C0000F10476 /* main.m in Sources */,
			);
			runOnlyForDeploymentPostprocessing = 0;
		};
		0A7324391A0B4C0100F10476 /* Sources */ = {
			isa = PBXSourcesBuildPhase;
			buildActionMask = 2147483647;
			files = (
				0A73244B1A0B4C0100F10476 /* SocialIntegarationTests.m in Sources */,
			);
			runOnlyForDeploymentPostprocessing = 0;
		};
/* End PBXSourcesBuildPhase section */

/* Begin PBXTargetDependency section */
		0A7324431A0B4C0100F10476 /* PBXTargetDependency */ = {
			isa = PBXTargetDependency;
			target = 0A73241B1A0B4C0000F10476 /* SocialIntegaration */;
			targetProxy = 0A7324421A0B4C0100F10476 /* PBXContainerItemProxy */;
		};
/* End PBXTargetDependency section */

/* Begin PBXVariantGroup section */
		0A7324281A0B4C0000F10476 /* InfoPlist.strings */ = {
			isa = PBXVariantGroup;
			children = (
				0A7324291A0B4C0000F10476 /* en */,
			);
			name = InfoPlist.strings;
			sourceTree = "<group>";
		};
		0A7324311A0B4C0000F10476 /* Main.storyboard */ = {
			isa = PBXVariantGroup;
			children = (
				0A7324321A0B4C0000F10476 /* Base */,
			);
			name = Main.storyboard;
			sourceTree = "<group>";
		};
		0A7324471A0B4C0100F10476 /* InfoPlist.strings */ = {
			isa = PBXVariantGroup;
			children = (
				0A7324481A0B4C0100F10476 /* en */,
			);
			name = InfoPlist.strings;
			sourceTree = "<group>";
		};
/* End PBXVariantGroup section */

/* Begin XCBuildConfiguration section */
		0A73244C1A0B4C0100F10476 /* Debug */ = {
			isa = XCBuildConfiguration;
			buildSettings = {
				ALWAYS_SEARCH_USER_PATHS = NO;
				CLANG_CXX_LANGUAGE_STANDARD = "gnu++0x";
				CLANG_CXX_LIBRARY = "libc++";
				CLANG_ENABLE_MODULES = YES;
				CLANG_ENABLE_OBJC_ARC = YES;
				CLANG_WARN_BOOL_CONVERSION = YES;
				CLANG_WARN_CONSTANT_CONVERSION = YES;
				CLANG_WARN_DIRECT_OBJC_ISA_USAGE = YES_ERROR;
				CLANG_WARN_EMPTY_BODY = YES;
				CLANG_WARN_ENUM_CONVERSION = YES;
				CLANG_WARN_INT_CONVERSION = YES;
				CLANG_WARN_OBJC_ROOT_CLASS = YES_ERROR;
				CLANG_WARN__DUPLICATE_METHOD_MATCH = YES;
				"CODE_SIGN_IDENTITY[sdk=iphoneos*]" = "iPhone Developer";
				COPY_PHASE_STRIP = NO;
				GCC_C_LANGUAGE_STANDARD = gnu99;
				GCC_DYNAMIC_NO_PIC = NO;
				GCC_OPTIMIZATION_LEVEL = 0;
				GCC_PREPROCESSOR_DEFINITIONS = (
					"DEBUG=1",
					"$(inherited)",
				);
				GCC_SYMBOLS_PRIVATE_EXTERN = NO;
				GCC_WARN_64_TO_32_BIT_CONVERSION = YES;
				GCC_WARN_ABOUT_RETURN_TYPE = YES_ERROR;
				GCC_WARN_UNDECLARED_SELECTOR = YES;
				GCC_WARN_UNINITIALIZED_AUTOS = YES_AGGRESSIVE;
				GCC_WARN_UNUSED_FUNCTION = YES;
				GCC_WARN_UNUSED_VARIABLE = YES;
				IPHONEOS_DEPLOYMENT_TARGET = 7.1;
				ONLY_ACTIVE_ARCH = YES;
				SDKROOT = iphoneos;
			};
			name = Debug;
		};
		0A73244D1A0B4C0100F10476 /* Release */ = {
			isa = XCBuildConfiguration;
			buildSettings = {
				ALWAYS_SEARCH_USER_PATHS = NO;
				CLANG_CXX_LANGUAGE_STANDARD = "gnu++0x";
				CLANG_CXX_LIBRARY = "libc++";
				CLANG_ENABLE_MODULES = YES;
				CLANG_ENABLE_OBJC_ARC = YES;
				CLANG_WARN_BOOL_CONVERSION = YES;
				CLANG_WARN_CONSTANT_CONVERSION = YES;
				CLANG_WARN_DIRECT_OBJC_ISA_USAGE = YES_ERROR;
				CLANG_WARN_EMPTY_BODY = YES;
				CLANG_WARN_ENUM_CONVERSION = YES;
				CLANG_WARN_INT_CONVERSION = YES;
				CLANG_WARN_OBJC_ROOT_CLASS = YES_ERROR;
				CLANG_WARN__DUPLICATE_METHOD_MATCH = YES;
				"CODE_SIGN_IDENTITY[sdk=iphoneos*]" = "iPhone Developer";
				COPY_PHASE_STRIP = YES;
				ENABLE_NS_ASSERTIONS = NO;
				GCC_C_LANGUAGE_STANDARD = gnu99;
				GCC_WARN_64_TO_32_BIT_CONVERSION = YES;
				GCC_WARN_ABOUT_RETURN_TYPE = YES_ERROR;
				GCC_WARN_UNDECLARED_SELECTOR = YES;
				GCC_WARN_UNINITIALIZED_AUTOS = YES_AGGRESSIVE;
				GCC_WARN_UNUSED_FUNCTION = YES;
				GCC_WARN_UNUSED_VARIABLE = YES;
				IPHONEOS_DEPLOYMENT_TARGET = 7.1;
				SDKROOT = iphoneos;
				VALIDATE_PRODUCT = YES;
			};
			name = Release;
		};
		0A73244F1A0B4C0100F10476 /* Debug */ = {
			isa = XCBuildConfiguration;
			buildSettings = {
				ASSETCATALOG_COMPILER_APPICON_NAME = AppIcon;
				ASSETCATALOG_COMPILER_LAUNCHIMAGE_NAME = LaunchImage;
				GCC_PRECOMPILE_PREFIX_HEADER = YES;
				GCC_PREFIX_HEADER = "SocialIntegaration/SocialIntegaration-Prefix.pch";
				INFOPLIST_FILE = "SocialIntegaration/SocialIntegaration-Info.plist";
				PRODUCT_NAME = "$(TARGET_NAME)";
				WRAPPER_EXTENSION = app;
			};
			name = Debug;
		};
		0A7324501A0B4C0100F10476 /* Release */ = {
			isa = XCBuildConfiguration;
			buildSettings = {
				ASSETCATALOG_COMPILER_APPICON_NAME = AppIcon;
				ASSETCATALOG_COMPILER_LAUNCHIMAGE_NAME = LaunchImage;
				GCC_PRECOMPILE_PREFIX_HEADER = YES;
				GCC_PREFIX_HEADER = "SocialIntegaration/SocialIntegaration-Prefix.pch";
				INFOPLIST_FILE = "SocialIntegaration/SocialIntegaration-Info.plist";
				PRODUCT_NAME = "$(TARGET_NAME)";
				WRAPPER_EXTENSION = app;
			};
			name = Release;
		};
		0A7324521A0B4C0100F10476 /* Debug */ = {
			isa = XCBuildConfiguration;
			buildSettings = {
				BUNDLE_LOADER = "$(BUILT_PRODUCTS_DIR)/SocialIntegaration.app/SocialIntegaration";
				FRAMEWORK_SEARCH_PATHS = (
					"$(SDKROOT)/Developer/Library/Frameworks",
					"$(inherited)",
					"$(DEVELOPER_FRAMEWORKS_DIR)",
				);
				GCC_PRECOMPILE_PREFIX_HEADER = YES;
				GCC_PREFIX_HEADER = "SocialIntegaration/SocialIntegaration-Prefix.pch";
				GCC_PREPROCESSOR_DEFINITIONS = (
					"DEBUG=1",
					"$(inherited)",
				);
				INFOPLIST_FILE = "SocialIntegarationTests/SocialIntegarationTests-Info.plist";
				PRODUCT_NAME = "$(TARGET_NAME)";
				TEST_HOST = "$(BUNDLE_LOADER)";
				WRAPPER_EXTENSION = xctest;
			};
			name = Debug;
		};
		0A7324531A0B4C0100F10476 /* Release */ = {
			isa = XCBuildConfiguration;
			buildSettings = {
				BUNDLE_LOADER = "$(BUILT_PRODUCTS_DIR)/SocialIntegaration.app/SocialIntegaration";
				FRAMEWORK_SEARCH_PATHS = (
					"$(SDKROOT)/Developer/Library/Frameworks",
					"$(inherited)",
					"$(DEVELOPER_FRAMEWORKS_DIR)",
				);
				GCC_PRECOMPILE_PREFIX_HEADER = YES;
				GCC_PREFIX_HEADER = "SocialIntegaration/SocialIntegaration-Prefix.pch";
				INFOPLIST_FILE = "SocialIntegarationTests/SocialIntegarationTests-Info.plist";
				PRODUCT_NAME = "$(TARGET_NAME)";
				TEST_HOST = "$(BUNDLE_LOADER)";
				WRAPPER_EXTENSION = xctest;
			};
			name = Release;
		};
/* End XCBuildConfiguration section */

/* Begin XCConfigurationList section */
		0A7324171A0B4C0000F10476 /* Build configuration list for PBXProject "SocialIntegaration" */ = {
			isa = XCConfigurationList;
			buildConfigurations = (
				0A73244C1A0B4C0100F10476 /* Debug */,
				0A73244D1A0B4C0100F10476 /* Release */,
			);
			defaultConfigurationIsVisible = 0;
			defaultConfigurationName = Release;
		};
		0A73244E1A0B4C0100F10476 /* Build configuration list for PBXNativeTarget "SocialIntegaration" */ = {
			isa = XCConfigurationList;
			buildConfigurations = (
				0A73244F1A0B4C0100F10476 /* Debug */,
				0A7324501A0B4C0100F10476 /* Release */,
			);
			defaultConfigurationIsVisible = 0;
		};
		0A7324511A0B4C0100F10476 /* Build configuration list for PBXNativeTarget "SocialIntegarationTests" */ = {
			isa = XCConfigurationList;
			buildConfigurations = (
				0A7324521A0B4C0100F10476 /* Debug */,
				0A7324531A0B4C0100F10476 /* Release */,
			);
			defaultConfigurationIsVisible = 0;
		};
/* End XCConfigurationList section */
	};
	rootObject = 0A7324141A0B4C0000F10476 /* Project object */;
}
